
Microsoft Visual Studio Solution File, Format Version 12.00
# Visual Studio Version 17
VisualStudioVersion = 17.9.34902.65
MinimumVisualStudioVersion = 10.0.40219.1
Project("{9A19103F-16F7-4668-BE54-9A1E7A4F7556}") = "GlooApiGateway", "GlooApiGateway\GlooApiGateway.csproj", "{6B96FF9A-243E-4F0D-8B17-0BAB962A3B5F}"
EndProject
Project("{2150E333-8FDC-42A3-9474-1A3956D46DE8}") = "Kubernetes", "Kubernetes", "{208C3967-78BB-4AEF-A316-668A36CA034E}"
	ProjectSection(SolutionItems) = preProject
		Kubernetes\application.yaml = Kubernetes\application.yaml
		Kubernetes\service.yaml = Kubernetes\service.yaml
		Kubernetes\virtualservice.yaml = Kubernetes\virtualservice.yaml
	EndProjectSection
EndProject
Project("{2150E333-8FDC-42A3-9474-1A3956D46DE8}") = "SolutionItems", "SolutionItems", "{BC5CBC5E-1F5E-4C45-9BE6-269A49943A59}"
	ProjectSection(SolutionItems) = preProject
		Dockerfile = Dockerfile
		README.md = README.md
	EndProjectSection
EndProject
Project("{2150E333-8FDC-42A3-9474-1A3956D46DE8}") = "KeyCloak", "KeyCloak", "{7E435471-1806-43AF-9596-90B79DA67464}"
	ProjectSection(SolutionItems) = preProject
		Kubernetes\KeyCloak\keycloak-deployment.yaml = Kubernetes\KeyCloak\keycloak-deployment.yaml
		Kubernetes\KeyCloak\keycloak-vol.yaml = Kubernetes\KeyCloak\keycloak-vol.yaml
	EndProjectSection
EndProject
Global
	GlobalSection(SolutionConfigurationPlatforms) = preSolution
		Debug|Any CPU = Debug|Any CPU
		Release|Any CPU = Release|Any CPU
	EndGlobalSection
	GlobalSection(ProjectConfigurationPlatforms) = postSolution
		{6B96FF9A-243E-4F0D-8B17-0BAB962A3B5F}.Debug|Any CPU.ActiveCfg = Debug|Any CPU
		{6B96FF9A-243E-4F0D-8B17-0BAB962A3B5F}.Debug|Any CPU.Build.0 = Debug|Any CPU
		{6B96FF9A-243E-4F0D-8B17-0BAB962A3B5F}.Release|Any CPU.ActiveCfg = Release|Any CPU
		{6B96FF9A-243E-4F0D-8B17-0BAB962A3B5F}.Release|Any CPU.Build.0 = Release|Any CPU
	EndGlobalSection
	GlobalSection(SolutionProperties) = preSolution
		HideSolutionNode = FALSE
	EndGlobalSection
	GlobalSection(NestedProjects) = preSolution
		{7E435471-1806-43AF-9596-90B79DA67464} = {208C3967-78BB-4AEF-A316-668A36CA034E}
	EndGlobalSection
	GlobalSection(ExtensibilityGlobals) = postSolution
		SolutionGuid = {17D6AB2E-88FA-4FF7-8E8D-5720C5AD1651}
	EndGlobalSection
EndGlobal
